{"1.2.0",
[{<<"amqp_client">>,{pkg,<<"amqp_client">>,<<"3.12.1">>},0},
 {<<"credentials_obfuscation">>,
  {pkg,<<"credentials_obfuscation">>,<<"3.4.0">>},
  1},
 {<<"epgsql">>,{pkg,<<"epgsql">>,<<"4.7.1">>},0},
 {<<"jiffy">>,{pkg,<<"jiffy">>,<<"1.1.1">>},0},
 {<<"rabbit_common">>,{pkg,<<"rabbit_common">>,<<"3.12.1">>},1},
 {<<"recon">>,{pkg,<<"recon">>,<<"2.5.3">>},2},
 {<<"thoas">>,{pkg,<<"thoas">>,<<"1.0.0">>},2}]}.
[
{pkg_hash,[
 {<<"amqp_client">>, <<"101BF75DD0D1394F44A9BCE6B1DA18DA63A5447F551F8D24CDD26FA986DC836A">>},
 {<<"credentials_obfuscation">>, <<"34E18B126B3AEFD6E8143776FBE1CECEEA6792307C99AC5EE8687911F048CFD7">>},
 {<<"epgsql">>, <<"D4E47CAE46C18C8AFA88E34D59A9B4BAE16368D7CE1EB3DA24FA755EB28393EB">>},
 {<<"jiffy">>, <<"ACA10F47AA91697BF24AB9582C74E00E8E95474C7EF9F76D4F1A338D0F5DE21B">>},
 {<<"rabbit_common">>, <<"CDDF1081D155EB7264EBDE7F2F3674E28DDBC0E74B1E1EFD76D2AEF8B391506E">>},
 {<<"recon">>, <<"739107B9050EA683C30E96DE050BC59248FD27EC147696F79A8797FF9FA17153">>},
 {<<"thoas">>, <<"567C03902920827A18A89F05B79A37B5BF93553154B883E0131801600CF02CE0">>}]},
{pkg_hash_ext,[
 {<<"amqp_client">>, <<"098DFB905DD87AD1174C305502811807AEF0FDFCB9B6EB680B8E9709C7889408">>},
 {<<"credentials_obfuscation">>, <<"738ACE0ED5545D2710D3F7383906FC6F6B582D019036E5269C4DBD85DBCED566">>},
 {<<"epgsql">>, <<"B6D86B7DC42C8555B1D4E20880E5099D6D6D053148000E188E548F98E4E01836">>},
 {<<"jiffy">>, <<"62E1F0581C3C19C33A725C781DFA88410D8BFF1BBAFC3885A2552286B4785C4C">>},
 {<<"rabbit_common">>, <<"228378F90B9163423B17C2430EEB5C428069AAA8B45B10DAE36E3F1CB8C1E18C">>},
 {<<"recon">>, <<"6C6683F46FD4A1DFD98404B9F78DCABC7FCD8826613A89DCB984727A8C3099D7">>},
 {<<"thoas">>, <<"FC763185B932ECB32A554FB735EE03C3B6B1B31366077A2427D2A97F3BD26735">>}]}
].
